# THIS IS AN AUTOGENERATED FILE. DO NOT EDIT THIS FILE DIRECTLY.
# yarn lockfile v1


now@^15.2.0:
  version "15.2.0"
  resolved "https://registry.yarnpkg.com/now/-/now-15.2.0.tgz#3a66859d548a81d222140544a1d84f070a22573a"
  integrity sha512-NAHziNTs2ptFizCvKHjSt69ixl7wG39Zf+hjnetM1ulMFc2jc++bDPPL1m62aQkCPbFwRmuxQtggW1i0/WRU7g==
